// !$*UTF8*$!
{
	archiveVersion = 1;
	classes = {
	};
	objectVersion = 48;
	objects = {

/* Begin PBXBuildFile section */
		0C0585331FEACB36007E07FB /* CanvasNode.swift in Sources */ = {isa = PBXBuildFile; fileRef = 0C0585321FEACB36007E07FB /* CanvasNode.swift */; };
		0C0F8D821FEAEF0B006CC411 /* SKViewExtensions.swift in Sources */ = {isa = PBXBuildFile; fileRef = 0C0F8D811FEAEF0B006CC411 /* SKViewExtensions.swift */; };
		0C0F8D841FEBE923006CC411 /* LogicPort.swift in Sources */ = {isa = PBXBuildFile; fileRef = 0C0F8D831FEBE923006CC411 /* LogicPort.swift */; };
		0C0F8D861FEBEA10006CC411 /* EntityManager.swift in Sources */ = {isa = PBXBuildFile; fileRef = 0C0F8D851FEBEA10006CC411 /* EntityManager.swift */; };
		0C0F8D881FEBEB87006CC411 /* NodeComponent.swift in Sources */ = {isa = PBXBuildFile; fileRef = 0C0F8D871FEBEB87006CC411 /* NodeComponent.swift */; };
		0C0F8D8C1FEBEBCF006CC411 /* LogicPortNodeComponent.swift in Sources */ = {isa = PBXBuildFile; fileRef = 0C0F8D8B1FEBEBCF006CC411 /* LogicPortNodeComponent.swift */; };
		0C116CDD1FDAA4A6004B8999 /* SpriteKit.framework in Frameworks */ = {isa = PBXBuildFile; fileRef = 0C116CDC1FDAA4A6004B8999 /* SpriteKit.framework */; };
		0C116CE01FDABF45004B8999 /* CircuitScene.swift in Sources */ = {isa = PBXBuildFile; fileRef = 0C116CDF1FDABF45004B8999 /* CircuitScene.swift */; };
		0C116CE31FDABFAD004B8999 /* Environment.swift in Sources */ = {isa = PBXBuildFile; fileRef = 0C116CE21FDABFAD004B8999 /* Environment.swift */; };
		0C116CE51FDAC097004B8999 /* CoreGraphicsExtensions.swift in Sources */ = {isa = PBXBuildFile; fileRef = 0C116CE41FDAC097004B8999 /* CoreGraphicsExtensions.swift */; };
		0C116CEB1FDAE0CC004B8999 /* LogicPortDrawable.swift in Sources */ = {isa = PBXBuildFile; fileRef = 0C116CEA1FDAE0CC004B8999 /* LogicPortDrawable.swift */; };
		0C116CED1FDAE2D6004B8999 /* LogicPortNode.swift in Sources */ = {isa = PBXBuildFile; fileRef = 0C116CEC1FDAE2D6004B8999 /* LogicPortNode.swift */; };
		0C116CEF1FDAE393004B8999 /* SKSpriteNodeExtensions.swift in Sources */ = {isa = PBXBuildFile; fileRef = 0C116CEE1FDAE393004B8999 /* SKSpriteNodeExtensions.swift */; };
		0C29FE521FD57BFD0029BB42 /* Entity.swift in Sources */ = {isa = PBXBuildFile; fileRef = 0C29FE511FD57BFD0029BB42 /* Entity.swift */; };
		0C29FE541FD57C150029BB42 /* Port.swift in Sources */ = {isa = PBXBuildFile; fileRef = 0C29FE531FD57C150029BB42 /* Port.swift */; };
		0C29FE561FD57CA80029BB42 /* LogicDescriptor.swift in Sources */ = {isa = PBXBuildFile; fileRef = 0C29FE551FD57CA80029BB42 /* LogicDescriptor.swift */; };
		0C29FE581FD57CCA0029BB42 /* Input.swift in Sources */ = {isa = PBXBuildFile; fileRef = 0C29FE571FD57CCA0029BB42 /* Input.swift */; };
		0C29FE5A1FD57CEB0029BB42 /* Output.swift in Sources */ = {isa = PBXBuildFile; fileRef = 0C29FE591FD57CEB0029BB42 /* Output.swift */; };
		0C29FE5C1FD57D7E0029BB42 /* GlobalSignal.swift in Sources */ = {isa = PBXBuildFile; fileRef = 0C29FE5B1FD57D7E0029BB42 /* GlobalSignal.swift */; };
		0C29FE5E1FD57DBD0029BB42 /* Architecture.swift in Sources */ = {isa = PBXBuildFile; fileRef = 0C29FE5D1FD57DBD0029BB42 /* Architecture.swift */; };
		0C29FE601FD57E440029BB42 /* LogicSpecification.swift in Sources */ = {isa = PBXBuildFile; fileRef = 0C29FE5F1FD57E440029BB42 /* LogicSpecification.swift */; };
		0C34D71B1FD84BD9005147E7 /* DTO.swift in Sources */ = {isa = PBXBuildFile; fileRef = 0C34D71A1FD84BD9005147E7 /* DTO.swift */; };
		0C34D71D1FD85C0B005147E7 /* CoreDataManager.swift in Sources */ = {isa = PBXBuildFile; fileRef = 0C34D71C1FD85C0B005147E7 /* CoreDataManager.swift */; };
		0C385DA71FD0938F008FB5D7 /* AppDelegate.swift in Sources */ = {isa = PBXBuildFile; fileRef = 0C385DA61FD0938F008FB5D7 /* AppDelegate.swift */; };
		0C385DAC1FD0938F008FB5D7 /* CircuitPlayground.xcdatamodeld in Sources */ = {isa = PBXBuildFile; fileRef = 0C385DAA1FD0938F008FB5D7 /* CircuitPlayground.xcdatamodeld */; };
		0C385DAE1FD0938F008FB5D7 /* Assets.xcassets in Resources */ = {isa = PBXBuildFile; fileRef = 0C385DAD1FD0938F008FB5D7 /* Assets.xcassets */; };
		0C385DB11FD0938F008FB5D7 /* Main.storyboard in Resources */ = {isa = PBXBuildFile; fileRef = 0C385DAF1FD0938F008FB5D7 /* Main.storyboard */; };
		0C385DBD1FD0938F008FB5D7 /* CircuitPlaygroundTests.swift in Sources */ = {isa = PBXBuildFile; fileRef = 0C385DBC1FD0938F008FB5D7 /* CircuitPlaygroundTests.swift */; };
		0C385DFC1FD09772008FB5D7 /* InitialViewController.swift in Sources */ = {isa = PBXBuildFile; fileRef = 0C385DFB1FD09772008FB5D7 /* InitialViewController.swift */; };
		0C385DFE1FD09E1B008FB5D7 /* ObjectParser.swift in Sources */ = {isa = PBXBuildFile; fileRef = 0C385DFD1FD09E1B008FB5D7 /* ObjectParser.swift */; };
		0C385E001FD09FB1008FB5D7 /* Signal.swift in Sources */ = {isa = PBXBuildFile; fileRef = 0C385DFF1FD09FB1008FB5D7 /* Signal.swift */; };
		0C385E021FD0A0D2008FB5D7 /* LogicFunction.swift in Sources */ = {isa = PBXBuildFile; fileRef = 0C385E011FD0A0D2008FB5D7 /* LogicFunction.swift */; };
		0C385E041FD0A1D4008FB5D7 /* CircuitDescription.swift in Sources */ = {isa = PBXBuildFile; fileRef = 0C385E031FD0A1D4008FB5D7 /* CircuitDescription.swift */; };
		0C385E061FD0A210008FB5D7 /* CombinationalModule.swift in Sources */ = {isa = PBXBuildFile; fileRef = 0C385E051FD0A210008FB5D7 /* CombinationalModule.swift */; };
		0C385E081FD0A21B008FB5D7 /* Module.swift in Sources */ = {isa = PBXBuildFile; fileRef = 0C385E071FD0A21B008FB5D7 /* Module.swift */; };
		0C385E0A1FD0A38C008FB5D7 /* SequentialModule.swift in Sources */ = {isa = PBXBuildFile; fileRef = 0C385E091FD0A38C008FB5D7 /* SequentialModule.swift */; };
		0C385E0C1FD0A7F4008FB5D7 /* SingleBitSignal.swift in Sources */ = {isa = PBXBuildFile; fileRef = 0C385E0B1FD0A7F4008FB5D7 /* SingleBitSignal.swift */; };
		0C385E0E1FD0AA78008FB5D7 /* MultiBitSignal.swift in Sources */ = {isa = PBXBuildFile; fileRef = 0C385E0D1FD0AA78008FB5D7 /* MultiBitSignal.swift */; };
		0C385E141FD1C839008FB5D7 /* ModuleConnection.swift in Sources */ = {isa = PBXBuildFile; fileRef = 0C385E131FD1C839008FB5D7 /* ModuleConnection.swift */; };
		0C385E1B1FD1D844008FB5D7 /* base.json in Resources */ = {isa = PBXBuildFile; fileRef = 0C385E1A1FD1D844008FB5D7 /* base.json */; };
		0C3C6B511FFD077D00AC7EFF /* GridComponent.swift in Sources */ = {isa = PBXBuildFile; fileRef = 0C3C6B501FFD077D00AC7EFF /* GridComponent.swift */; };
		0C3C6B531FFD0DB200AC7EFF /* RenderableEntity.swift in Sources */ = {isa = PBXBuildFile; fileRef = 0C3C6B521FFD0DB200AC7EFF /* RenderableEntity.swift */; };
		0C3DD4EE1FEACFAC00968EA5 /* SKNodeExtensions.swift in Sources */ = {isa = PBXBuildFile; fileRef = 0C3DD4ED1FEACFAC00968EA5 /* SKNodeExtensions.swift */; };
		0CAD43F4201A35EE003AB5F1 /* LabelNode.swift in Sources */ = {isa = PBXBuildFile; fileRef = 0CAD43F3201A35ED003AB5F1 /* LabelNode.swift */; };
		0CAD4409201A45DD003AB5F1 /* EntityManager+CircuitDescription.swift in Sources */ = {isa = PBXBuildFile; fileRef = 0CAD4408201A45DD003AB5F1 /* EntityManager+CircuitDescription.swift */; };
		0CAD440B201A6DC7003AB5F1 /* NSColorExtensions.swift in Sources */ = {isa = PBXBuildFile; fileRef = 0CAD440A201A6DC7003AB5F1 /* NSColorExtensions.swift */; };
		0CB72A032018C71C00CED264 /* AvailabilityMatrix.swift in Sources */ = {isa = PBXBuildFile; fileRef = 0CB72A022018C71C00CED264 /* AvailabilityMatrix.swift */; };
		0CB72A05201902BD00CED264 /* ExitPin.swift in Sources */ = {isa = PBXBuildFile; fileRef = 0CB72A04201902BD00CED264 /* ExitPin.swift */; };
		0CB72A072019049600CED264 /* Pin.swift in Sources */ = {isa = PBXBuildFile; fileRef = 0CB72A062019049600CED264 /* Pin.swift */; };
		0CB72A092019061900CED264 /* InternalPin.swift in Sources */ = {isa = PBXBuildFile; fileRef = 0CB72A082019061900CED264 /* InternalPin.swift */; };
		0CE748FE2017906200A21A2B /* Wire.swift in Sources */ = {isa = PBXBuildFile; fileRef = 0CE748FD2017906200A21A2B /* Wire.swift */; };
		0CE74900201790DC00A21A2B /* EntryPin.swift in Sources */ = {isa = PBXBuildFile; fileRef = 0CE748FF201790DC00A21A2B /* EntryPin.swift */; };
		0CE749022017933500A21A2B /* PinComponent.swift in Sources */ = {isa = PBXBuildFile; fileRef = 0CE749012017933500A21A2B /* PinComponent.swift */; };
		0CE749042017940A00A21A2B /* PinNode.swift in Sources */ = {isa = PBXBuildFile; fileRef = 0CE749032017940A00A21A2B /* PinNode.swift */; };
		0CE7490620179E2B00A21A2B /* WireNode.swift in Sources */ = {isa = PBXBuildFile; fileRef = 0CE7490520179E2B00A21A2B /* WireNode.swift */; };
		0CE7490820179FE500A21A2B /* WireComponent.swift in Sources */ = {isa = PBXBuildFile; fileRef = 0CE7490720179FE500A21A2B /* WireComponent.swift */; };
/* End PBXBuildFile section */

/* Begin PBXContainerItemProxy section */
		0C385DB91FD0938F008FB5D7 /* PBXContainerItemProxy */ = {
			isa = PBXContainerItemProxy;
			containerPortal = 0C385D9B1FD0938F008FB5D7 /* Project object */;
			proxyType = 1;
			remoteGlobalIDString = 0C385DA21FD0938F008FB5D7;
			remoteInfo = CircuitPlayground;
		};
/* End PBXContainerItemProxy section */

/* Begin PBXFileReference section */
		0C0585321FEACB36007E07FB /* CanvasNode.swift */ = {isa = PBXFileReference; lastKnownFileType = sourcecode.swift; path = CanvasNode.swift; sourceTree = "<group>"; };
		0C0F8D811FEAEF0B006CC411 /* SKViewExtensions.swift */ = {isa = PBXFileReference; lastKnownFileType = sourcecode.swift; path = SKViewExtensions.swift; sourceTree = "<group>"; };
		0C0F8D831FEBE923006CC411 /* LogicPort.swift */ = {isa = PBXFileReference; lastKnownFileType = sourcecode.swift; path = LogicPort.swift; sourceTree = "<group>"; };
		0C0F8D851FEBEA10006CC411 /* EntityManager.swift */ = {isa = PBXFileReference; fileEncoding = 4; lastKnownFileType = sourcecode.swift; path = EntityManager.swift; sourceTree = "<group>"; };
		0C0F8D871FEBEB87006CC411 /* NodeComponent.swift */ = {isa = PBXFileReference; fileEncoding = 4; lastKnownFileType = sourcecode.swift; path = NodeComponent.swift; sourceTree = "<group>"; };
		0C0F8D8B1FEBEBCF006CC411 /* LogicPortNodeComponent.swift */ = {isa = PBXFileReference; lastKnownFileType = sourcecode.swift; path = LogicPortNodeComponent.swift; sourceTree = "<group>"; };
		0C116CDC1FDAA4A6004B8999 /* SpriteKit.framework */ = {isa = PBXFileReference; lastKnownFileType = wrapper.framework; name = SpriteKit.framework; path = System/Library/Frameworks/SpriteKit.framework; sourceTree = SDKROOT; };
		0C116CDF1FDABF45004B8999 /* CircuitScene.swift */ = {isa = PBXFileReference; lastKnownFileType = sourcecode.swift; path = CircuitScene.swift; sourceTree = "<group>"; };
		0C116CE21FDABFAD004B8999 /* Environment.swift */ = {isa = PBXFileReference; lastKnownFileType = sourcecode.swift; path = Environment.swift; sourceTree = "<group>"; };
		0C116CE41FDAC097004B8999 /* CoreGraphicsExtensions.swift */ = {isa = PBXFileReference; lastKnownFileType = sourcecode.swift; path = CoreGraphicsExtensions.swift; sourceTree = "<group>"; };
		0C116CEA1FDAE0CC004B8999 /* LogicPortDrawable.swift */ = {isa = PBXFileReference; lastKnownFileType = sourcecode.swift; path = LogicPortDrawable.swift; sourceTree = "<group>"; };
		0C116CEC1FDAE2D6004B8999 /* LogicPortNode.swift */ = {isa = PBXFileReference; lastKnownFileType = sourcecode.swift; path = LogicPortNode.swift; sourceTree = "<group>"; };
		0C116CEE1FDAE393004B8999 /* SKSpriteNodeExtensions.swift */ = {isa = PBXFileReference; lastKnownFileType = sourcecode.swift; path = SKSpriteNodeExtensions.swift; sourceTree = "<group>"; };
		0C29FE511FD57BFD0029BB42 /* Entity.swift */ = {isa = PBXFileReference; lastKnownFileType = sourcecode.swift; path = Entity.swift; sourceTree = "<group>"; };
		0C29FE531FD57C150029BB42 /* Port.swift */ = {isa = PBXFileReference; lastKnownFileType = sourcecode.swift; path = Port.swift; sourceTree = "<group>"; };
		0C29FE551FD57CA80029BB42 /* LogicDescriptor.swift */ = {isa = PBXFileReference; lastKnownFileType = sourcecode.swift; path = LogicDescriptor.swift; sourceTree = "<group>"; };
		0C29FE571FD57CCA0029BB42 /* Input.swift */ = {isa = PBXFileReference; lastKnownFileType = sourcecode.swift; path = Input.swift; sourceTree = "<group>"; };
		0C29FE591FD57CEB0029BB42 /* Output.swift */ = {isa = PBXFileReference; lastKnownFileType = sourcecode.swift; path = Output.swift; sourceTree = "<group>"; };
		0C29FE5B1FD57D7E0029BB42 /* GlobalSignal.swift */ = {isa = PBXFileReference; lastKnownFileType = sourcecode.swift; path = GlobalSignal.swift; sourceTree = "<group>"; };
		0C29FE5D1FD57DBD0029BB42 /* Architecture.swift */ = {isa = PBXFileReference; lastKnownFileType = sourcecode.swift; path = Architecture.swift; sourceTree = "<group>"; };
		0C29FE5F1FD57E440029BB42 /* LogicSpecification.swift */ = {isa = PBXFileReference; lastKnownFileType = sourcecode.swift; path = LogicSpecification.swift; sourceTree = "<group>"; };
		0C34D71A1FD84BD9005147E7 /* DTO.swift */ = {isa = PBXFileReference; lastKnownFileType = sourcecode.swift; path = DTO.swift; sourceTree = "<group>"; };
		0C34D71C1FD85C0B005147E7 /* CoreDataManager.swift */ = {isa = PBXFileReference; lastKnownFileType = sourcecode.swift; path = CoreDataManager.swift; sourceTree = "<group>"; };
		0C385DA31FD0938F008FB5D7 /* CircuitPlayground.app */ = {isa = PBXFileReference; explicitFileType = wrapper.application; includeInIndex = 0; path = CircuitPlayground.app; sourceTree = BUILT_PRODUCTS_DIR; };
		0C385DA61FD0938F008FB5D7 /* AppDelegate.swift */ = {isa = PBXFileReference; lastKnownFileType = sourcecode.swift; path = AppDelegate.swift; sourceTree = "<group>"; };
		0C385DAB1FD0938F008FB5D7 /* CircuitPlayground.xcdatamodel */ = {isa = PBXFileReference; lastKnownFileType = wrapper.xcdatamodel; path = CircuitPlayground.xcdatamodel; sourceTree = "<group>"; };
		0C385DAD1FD0938F008FB5D7 /* Assets.xcassets */ = {isa = PBXFileReference; lastKnownFileType = folder.assetcatalog; path = Assets.xcassets; sourceTree = "<group>"; };
		0C385DB01FD0938F008FB5D7 /* Base */ = {isa = PBXFileReference; lastKnownFileType = file.storyboard; name = Base; path = Base.lproj/Main.storyboard; sourceTree = "<group>"; };
		0C385DB21FD0938F008FB5D7 /* Info.plist */ = {isa = PBXFileReference; lastKnownFileType = text.plist.xml; path = Info.plist; sourceTree = "<group>"; };
		0C385DB31FD0938F008FB5D7 /* CircuitPlayground.entitlements */ = {isa = PBXFileReference; lastKnownFileType = text.plist.entitlements; path = CircuitPlayground.entitlements; sourceTree = "<group>"; };
		0C385DB81FD0938F008FB5D7 /* CircuitPlaygroundTests.xctest */ = {isa = PBXFileReference; explicitFileType = wrapper.cfbundle; includeInIndex = 0; path = CircuitPlaygroundTests.xctest; sourceTree = BUILT_PRODUCTS_DIR; };
		0C385DBC1FD0938F008FB5D7 /* CircuitPlaygroundTests.swift */ = {isa = PBXFileReference; lastKnownFileType = sourcecode.swift; path = CircuitPlaygroundTests.swift; sourceTree = "<group>"; };
		0C385DBE1FD0938F008FB5D7 /* Info.plist */ = {isa = PBXFileReference; lastKnownFileType = text.plist.xml; path = Info.plist; sourceTree = "<group>"; };
		0C385DFB1FD09772008FB5D7 /* InitialViewController.swift */ = {isa = PBXFileReference; lastKnownFileType = sourcecode.swift; path = InitialViewController.swift; sourceTree = "<group>"; };
		0C385DFD1FD09E1B008FB5D7 /* ObjectParser.swift */ = {isa = PBXFileReference; lastKnownFileType = sourcecode.swift; path = ObjectParser.swift; sourceTree = "<group>"; };
		0C385DFF1FD09FB1008FB5D7 /* Signal.swift */ = {isa = PBXFileReference; lastKnownFileType = sourcecode.swift; path = Signal.swift; sourceTree = "<group>"; };
		0C385E011FD0A0D2008FB5D7 /* LogicFunction.swift */ = {isa = PBXFileReference; lastKnownFileType = sourcecode.swift; path = LogicFunction.swift; sourceTree = "<group>"; };
		0C385E031FD0A1D4008FB5D7 /* CircuitDescription.swift */ = {isa = PBXFileReference; lastKnownFileType = sourcecode.swift; path = CircuitDescription.swift; sourceTree = "<group>"; };
		0C385E051FD0A210008FB5D7 /* CombinationalModule.swift */ = {isa = PBXFileReference; lastKnownFileType = sourcecode.swift; path = CombinationalModule.swift; sourceTree = "<group>"; };
		0C385E071FD0A21B008FB5D7 /* Module.swift */ = {isa = PBXFileReference; lastKnownFileType = sourcecode.swift; path = Module.swift; sourceTree = "<group>"; };
		0C385E091FD0A38C008FB5D7 /* SequentialModule.swift */ = {isa = PBXFileReference; lastKnownFileType = sourcecode.swift; path = SequentialModule.swift; sourceTree = "<group>"; };
		0C385E0B1FD0A7F4008FB5D7 /* SingleBitSignal.swift */ = {isa = PBXFileReference; lastKnownFileType = sourcecode.swift; path = SingleBitSignal.swift; sourceTree = "<group>"; };
		0C385E0D1FD0AA78008FB5D7 /* MultiBitSignal.swift */ = {isa = PBXFileReference; lastKnownFileType = sourcecode.swift; path = MultiBitSignal.swift; sourceTree = "<group>"; };
		0C385E131FD1C839008FB5D7 /* ModuleConnection.swift */ = {isa = PBXFileReference; lastKnownFileType = sourcecode.swift; path = ModuleConnection.swift; sourceTree = "<group>"; };
		0C385E1A1FD1D844008FB5D7 /* base.json */ = {isa = PBXFileReference; fileEncoding = 4; lastKnownFileType = text.json; path = base.json; sourceTree = "<group>"; };
		0C3C6B501FFD077D00AC7EFF /* GridComponent.swift */ = {isa = PBXFileReference; fileEncoding = 4; lastKnownFileType = sourcecode.swift; path = GridComponent.swift; sourceTree = "<group>"; };
		0C3C6B521FFD0DB200AC7EFF /* RenderableEntity.swift */ = {isa = PBXFileReference; fileEncoding = 4; lastKnownFileType = sourcecode.swift; path = RenderableEntity.swift; sourceTree = "<group>"; };
		0C3DD4ED1FEACFAC00968EA5 /* SKNodeExtensions.swift */ = {isa = PBXFileReference; lastKnownFileType = sourcecode.swift; path = SKNodeExtensions.swift; sourceTree = "<group>"; };
		0CAD43F3201A35ED003AB5F1 /* LabelNode.swift */ = {isa = PBXFileReference; lastKnownFileType = sourcecode.swift; path = LabelNode.swift; sourceTree = "<group>"; };
		0CAD4408201A45DD003AB5F1 /* EntityManager+CircuitDescription.swift */ = {isa = PBXFileReference; lastKnownFileType = sourcecode.swift; path = "EntityManager+CircuitDescription.swift"; sourceTree = "<group>"; };
		0CAD440A201A6DC7003AB5F1 /* NSColorExtensions.swift */ = {isa = PBXFileReference; lastKnownFileType = sourcecode.swift; path = NSColorExtensions.swift; sourceTree = "<group>"; };
		0CB72A022018C71C00CED264 /* AvailabilityMatrix.swift */ = {isa = PBXFileReference; lastKnownFileType = sourcecode.swift; path = AvailabilityMatrix.swift; sourceTree = "<group>"; };
		0CB72A04201902BD00CED264 /* ExitPin.swift */ = {isa = PBXFileReference; lastKnownFileType = sourcecode.swift; path = ExitPin.swift; sourceTree = "<group>"; };
		0CB72A062019049600CED264 /* Pin.swift */ = {isa = PBXFileReference; lastKnownFileType = sourcecode.swift; path = Pin.swift; sourceTree = "<group>"; };
		0CB72A082019061900CED264 /* InternalPin.swift */ = {isa = PBXFileReference; lastKnownFileType = sourcecode.swift; path = InternalPin.swift; sourceTree = "<group>"; };
		0CE748FD2017906200A21A2B /* Wire.swift */ = {isa = PBXFileReference; lastKnownFileType = sourcecode.swift; path = Wire.swift; sourceTree = "<group>"; };
		0CE748FF201790DC00A21A2B /* EntryPin.swift */ = {isa = PBXFileReference; lastKnownFileType = sourcecode.swift; path = EntryPin.swift; sourceTree = "<group>"; };
		0CE749012017933500A21A2B /* PinComponent.swift */ = {isa = PBXFileReference; lastKnownFileType = sourcecode.swift; path = PinComponent.swift; sourceTree = "<group>"; };
		0CE749032017940A00A21A2B /* PinNode.swift */ = {isa = PBXFileReference; lastKnownFileType = sourcecode.swift; path = PinNode.swift; sourceTree = "<group>"; };
		0CE7490520179E2B00A21A2B /* WireNode.swift */ = {isa = PBXFileReference; lastKnownFileType = sourcecode.swift; path = WireNode.swift; sourceTree = "<group>"; };
		0CE7490720179FE500A21A2B /* WireComponent.swift */ = {isa = PBXFileReference; lastKnownFileType = sourcecode.swift; path = WireComponent.swift; sourceTree = "<group>"; };
/* End PBXFileReference section */

/* Begin PBXFrameworksBuildPhase section */
		0C385DA01FD0938F008FB5D7 /* Frameworks */ = {
			isa = PBXFrameworksBuildPhase;
			buildActionMask = 2147483647;
			files = (
				0C116CDD1FDAA4A6004B8999 /* SpriteKit.framework in Frameworks */,
			);
			runOnlyForDeploymentPostprocessing = 0;
		};
		0C385DB51FD0938F008FB5D7 /* Frameworks */ = {
			isa = PBXFrameworksBuildPhase;
			buildActionMask = 2147483647;
			files = (
			);
			runOnlyForDeploymentPostprocessing = 0;
		};
/* End PBXFrameworksBuildPhase section */

/* Begin PBXGroup section */
		0C05852F1FEAC654007E07FB /* Extensions */ = {
			isa = PBXGroup;
			children = (
				0C116CE41FDAC097004B8999 /* CoreGraphicsExtensions.swift */,
				0C116CEE1FDAE393004B8999 /* SKSpriteNodeExtensions.swift */,
				0C3DD4ED1FEACFAC00968EA5 /* SKNodeExtensions.swift */,
				0C0F8D811FEAEF0B006CC411 /* SKViewExtensions.swift */,
				0CAD440A201A6DC7003AB5F1 /* NSColorExtensions.swift */,
			);
			path = Extensions;
			sourceTree = "<group>";
		};
		0C116CDB1FDAA4A6004B8999 /* Frameworks */ = {
			isa = PBXGroup;
			children = (
				0C116CDC1FDAA4A6004B8999 /* SpriteKit.framework */,
			);
			name = Frameworks;
			sourceTree = "<group>";
		};
		0C116CDE1FDABF06004B8999 /* Scenes */ = {
			isa = PBXGroup;
			children = (
				0C116CDF1FDABF45004B8999 /* CircuitScene.swift */,
			);
			path = Scenes;
			sourceTree = "<group>";
		};
		0C116CE61FDACA0C004B8999 /* Nodes */ = {
			isa = PBXGroup;
			children = (
				0C0585321FEACB36007E07FB /* CanvasNode.swift */,
				0C116CEA1FDAE0CC004B8999 /* LogicPortDrawable.swift */,
				0C116CEC1FDAE2D6004B8999 /* LogicPortNode.swift */,
				0CE749032017940A00A21A2B /* PinNode.swift */,
				0CE7490520179E2B00A21A2B /* WireNode.swift */,
				0CAD43F3201A35ED003AB5F1 /* LabelNode.swift */,
			);
			path = Nodes;
			sourceTree = "<group>";
		};
		0C116CE71FDADFBF004B8999 /* Entities */ = {
			isa = PBXGroup;
			children = (
				0C3C6B521FFD0DB200AC7EFF /* RenderableEntity.swift */,
				0CB72A062019049600CED264 /* Pin.swift */,
				0C0F8D831FEBE923006CC411 /* LogicPort.swift */,
				0CE748FD2017906200A21A2B /* Wire.swift */,
				0CE748FF201790DC00A21A2B /* EntryPin.swift */,
				0CB72A04201902BD00CED264 /* ExitPin.swift */,
				0CB72A082019061900CED264 /* InternalPin.swift */,
			);
			path = Entities;
			sourceTree = "<group>";
		};
		0C116CE81FDADFC8004B8999 /* Components */ = {
			isa = PBXGroup;
			children = (
				0C3C6B501FFD077D00AC7EFF /* GridComponent.swift */,
				0C0F8D871FEBEB87006CC411 /* NodeComponent.swift */,
				0C0F8D8B1FEBEBCF006CC411 /* LogicPortNodeComponent.swift */,
				0CE749012017933500A21A2B /* PinComponent.swift */,
				0CE7490720179FE500A21A2B /* WireComponent.swift */,
			);
			path = Components;
			sourceTree = "<group>";
		};
		0C116CE91FDADFEC004B8999 /* View */ = {
			isa = PBXGroup;
			children = (
				0C116CE81FDADFC8004B8999 /* Components */,
				0C116CE71FDADFBF004B8999 /* Entities */,
				0C116CE61FDACA0C004B8999 /* Nodes */,
				0C116CDE1FDABF06004B8999 /* Scenes */,
			);
			path = View;
			sourceTree = "<group>";
		};
		0C29FE501FD57BE90029BB42 /* Parser */ = {
			isa = PBXGroup;
			children = (
				0C385DFD1FD09E1B008FB5D7 /* ObjectParser.swift */,
				0C29FE611FD5D0F40029BB42 /* Objects */,
			);
			path = Parser;
			sourceTree = "<group>";
		};
		0C29FE611FD5D0F40029BB42 /* Objects */ = {
			isa = PBXGroup;
			children = (
				0C29FE511FD57BFD0029BB42 /* Entity.swift */,
				0C29FE531FD57C150029BB42 /* Port.swift */,
				0C29FE551FD57CA80029BB42 /* LogicDescriptor.swift */,
				0C29FE591FD57CEB0029BB42 /* Output.swift */,
				0C29FE571FD57CCA0029BB42 /* Input.swift */,
				0C29FE5B1FD57D7E0029BB42 /* GlobalSignal.swift */,
				0C29FE5D1FD57DBD0029BB42 /* Architecture.swift */,
				0C29FE5F1FD57E440029BB42 /* LogicSpecification.swift */,
			);
			path = Objects;
			sourceTree = "<group>";
		};
		0C385D9A1FD0938F008FB5D7 = {
			isa = PBXGroup;
			children = (
				0C385DA51FD0938F008FB5D7 /* CircuitPlayground */,
				0C385DBB1FD0938F008FB5D7 /* CircuitPlaygroundTests */,
				0C385DA41FD0938F008FB5D7 /* Products */,
				0C116CDB1FDAA4A6004B8999 /* Frameworks */,
			);
			sourceTree = "<group>";
		};
		0C385DA41FD0938F008FB5D7 /* Products */ = {
			isa = PBXGroup;
			children = (
				0C385DA31FD0938F008FB5D7 /* CircuitPlayground.app */,
				0C385DB81FD0938F008FB5D7 /* CircuitPlaygroundTests.xctest */,
			);
			name = Products;
			sourceTree = "<group>";
		};
		0C385DA51FD0938F008FB5D7 /* CircuitPlayground */ = {
			isa = PBXGroup;
			children = (
				0C687A4B204387B700BB7E33 /* Compiler */,
				0C116CE91FDADFEC004B8999 /* View */,
				0C385DF71FD0967D008FB5D7 /* Persistence */,
				0C385E181FD1D018008FB5D7 /* Util */,
				0C385DF81FD0971E008FB5D7 /* Model */,
				0C385DFA1FD0974B008FB5D7 /* Controllers */,
				0C385DF61FD09650008FB5D7 /* Storyboard */,
				0C385DF41FD0960B008FB5D7 /* Support */,
				0CAD43F5201A38FF003AB5F1 /* Resources */,
			);
			path = CircuitPlayground;
			sourceTree = "<group>";
		};
		0C385DBB1FD0938F008FB5D7 /* CircuitPlaygroundTests */ = {
			isa = PBXGroup;
			children = (
				0C385DBC1FD0938F008FB5D7 /* CircuitPlaygroundTests.swift */,
				0C385DBE1FD0938F008FB5D7 /* Info.plist */,
			);
			path = CircuitPlaygroundTests;
			sourceTree = "<group>";
		};
		0C385DF41FD0960B008FB5D7 /* Support */ = {
			isa = PBXGroup;
			children = (
				0C385DA61FD0938F008FB5D7 /* AppDelegate.swift */,
				0C385DB21FD0938F008FB5D7 /* Info.plist */,
				0C385DB31FD0938F008FB5D7 /* CircuitPlayground.entitlements */,
			);
			path = Support;
			sourceTree = "<group>";
		};
		0C385DF61FD09650008FB5D7 /* Storyboard */ = {
			isa = PBXGroup;
			children = (
				0C385DAF1FD0938F008FB5D7 /* Main.storyboard */,
			);
			path = Storyboard;
			sourceTree = "<group>";
		};
		0C385DF71FD0967D008FB5D7 /* Persistence */ = {
			isa = PBXGroup;
			children = (
				0C385DAA1FD0938F008FB5D7 /* CircuitPlayground.xcdatamodeld */,
				0C34D71C1FD85C0B005147E7 /* CoreDataManager.swift */,
				0C34D71A1FD84BD9005147E7 /* DTO.swift */,
			);
			path = Persistence;
			sourceTree = "<group>";
		};
		0C385DF81FD0971E008FB5D7 /* Model */ = {
			isa = PBXGroup;
			children = (
				0C385E031FD0A1D4008FB5D7 /* CircuitDescription.swift */,
				0C385E101FD1B13B008FB5D7 /* Signal */,
				0C385E111FD1B147008FB5D7 /* Module */,
			);
			path = Model;
			sourceTree = "<group>";
		};
		0C385DFA1FD0974B008FB5D7 /* Controllers */ = {
			isa = PBXGroup;
			children = (
				0C385DFB1FD09772008FB5D7 /* InitialViewController.swift */,
			);
			path = Controllers;
			sourceTree = "<group>";
		};
		0C385E101FD1B13B008FB5D7 /* Signal */ = {
			isa = PBXGroup;
			children = (
				0C385DFF1FD09FB1008FB5D7 /* Signal.swift */,
				0C385E0B1FD0A7F4008FB5D7 /* SingleBitSignal.swift */,
				0C385E0D1FD0AA78008FB5D7 /* MultiBitSignal.swift */,
			);
			path = Signal;
			sourceTree = "<group>";
		};
		0C385E111FD1B147008FB5D7 /* Module */ = {
			isa = PBXGroup;
			children = (
				0C385E071FD0A21B008FB5D7 /* Module.swift */,
				0C385E131FD1C839008FB5D7 /* ModuleConnection.swift */,
				0C385E051FD0A210008FB5D7 /* CombinationalModule.swift */,
				0C385E091FD0A38C008FB5D7 /* SequentialModule.swift */,
			);
			path = Module;
			sourceTree = "<group>";
		};
		0C385E181FD1D018008FB5D7 /* Util */ = {
			isa = PBXGroup;
			children = (
				0CB72A022018C71C00CED264 /* AvailabilityMatrix.swift */,
				0CAD4407201A45C3003AB5F1 /* EntityManager */,
				0C385E011FD0A0D2008FB5D7 /* LogicFunction.swift */,
				0C116CE21FDABFAD004B8999 /* Environment.swift */,
				0C385E191FD1D1BF008FB5D7 /* Example-Files */,
				0C29FE501FD57BE90029BB42 /* Parser */,
				0C05852F1FEAC654007E07FB /* Extensions */,
			);
			path = Util;
			sourceTree = "<group>";
		};
		0C385E191FD1D1BF008FB5D7 /* Example-Files */ = {
			isa = PBXGroup;
			children = (
				0C385E1A1FD1D844008FB5D7 /* base.json */,
			);
			path = "Example-Files";
			sourceTree = "<group>";
		};
		0C687A4B204387B700BB7E33 /* Compiler */ = {
			isa = PBXGroup;
			children = (
			);
			path = Compiler;
			sourceTree = "<group>";
		};
		0CAD43F5201A38FF003AB5F1 /* Resources */ = {
			isa = PBXGroup;
			children = (
				0C385DAD1FD0938F008FB5D7 /* Assets.xcassets */,
			);
			path = Resources;
			sourceTree = "<group>";
		};
		0CAD4407201A45C3003AB5F1 /* EntityManager */ = {
			isa = PBXGroup;
			children = (
				0C0F8D851FEBEA10006CC411 /* EntityManager.swift */,
				0CAD4408201A45DD003AB5F1 /* EntityManager+CircuitDescription.swift */,
			);
			path = EntityManager;
			sourceTree = "<group>";
		};
/* End PBXGroup section */

/* Begin PBXNativeTarget section */
		0C385DA21FD0938F008FB5D7 /* CircuitPlayground */ = {
			isa = PBXNativeTarget;
			buildConfigurationList = 0C385DC11FD0938F008FB5D7 /* Build configuration list for PBXNativeTarget "CircuitPlayground" */;
			buildPhases = (
				0C385D9F1FD0938F008FB5D7 /* Sources */,
				0C385DA01FD0938F008FB5D7 /* Frameworks */,
				0C385DA11FD0938F008FB5D7 /* Resources */,
			);
			buildRules = (
			);
			dependencies = (
			);
			name = CircuitPlayground;
			productName = CircuitPlayground;
			productReference = 0C385DA31FD0938F008FB5D7 /* CircuitPlayground.app */;
			productType = "com.apple.product-type.application";
		};
		0C385DB71FD0938F008FB5D7 /* CircuitPlaygroundTests */ = {
			isa = PBXNativeTarget;
			buildConfigurationList = 0C385DC41FD0938F008FB5D7 /* Build configuration list for PBXNativeTarget "CircuitPlaygroundTests" */;
			buildPhases = (
				0C385DB41FD0938F008FB5D7 /* Sources */,
				0C385DB51FD0938F008FB5D7 /* Frameworks */,
				0C385DB61FD0938F008FB5D7 /* Resources */,
			);
			buildRules = (
			);
			dependencies = (
				0C385DBA1FD0938F008FB5D7 /* PBXTargetDependency */,
			);
			name = CircuitPlaygroundTests;
			productName = CircuitPlaygroundTests;
			productReference = 0C385DB81FD0938F008FB5D7 /* CircuitPlaygroundTests.xctest */;
			productType = "com.apple.product-type.bundle.unit-test";
		};
/* End PBXNativeTarget section */

/* Begin PBXProject section */
		0C385D9B1FD0938F008FB5D7 /* Project object */ = {
			isa = PBXProject;
			attributes = {
				LastSwiftUpdateCheck = 0910;
				LastUpgradeCheck = 0910;
				ORGANIZATIONNAME = "Nicolas Nascimento";
				TargetAttributes = {
					0C385DA21FD0938F008FB5D7 = {
						CreatedOnToolsVersion = 9.1;
						ProvisioningStyle = Automatic;
					};
					0C385DB71FD0938F008FB5D7 = {
						CreatedOnToolsVersion = 9.1;
						ProvisioningStyle = Automatic;
						TestTargetID = 0C385DA21FD0938F008FB5D7;
					};
				};
			};
			buildConfigurationList = 0C385D9E1FD0938F008FB5D7 /* Build configuration list for PBXProject "CircuitPlayground" */;
			compatibilityVersion = "Xcode 8.0";
			developmentRegion = en;
			hasScannedForEncodings = 0;
			knownRegions = (
				en,
				Base,
			);
			mainGroup = 0C385D9A1FD0938F008FB5D7;
			productRefGroup = 0C385DA41FD0938F008FB5D7 /* Products */;
			projectDirPath = "";
			projectRoot = "";
			targets = (
				0C385DA21FD0938F008FB5D7 /* CircuitPlayground */,
				0C385DB71FD0938F008FB5D7 /* CircuitPlaygroundTests */,
			);
		};
/* End PBXProject section */

/* Begin PBXResourcesBuildPhase section */
		0C385DA11FD0938F008FB5D7 /* Resources */ = {
			isa = PBXResourcesBuildPhase;
			buildActionMask = 2147483647;
			files = (
				0C385E1B1FD1D844008FB5D7 /* base.json in Resources */,
				0C385DAE1FD0938F008FB5D7 /* Assets.xcassets in Resources */,
				0C385DB11FD0938F008FB5D7 /* Main.storyboard in Resources */,
			);
			runOnlyForDeploymentPostprocessing = 0;
		};
		0C385DB61FD0938F008FB5D7 /* Resources */ = {
			isa = PBXResourcesBuildPhase;
			buildActionMask = 2147483647;
			files = (
			);
			runOnlyForDeploymentPostprocessing = 0;
		};
/* End PBXResourcesBuildPhase section */

/* Begin PBXSourcesBuildPhase section */
		0C385D9F1FD0938F008FB5D7 /* Sources */ = {
			isa = PBXSourcesBuildPhase;
			buildActionMask = 2147483647;
			files = (
				0CE74900201790DC00A21A2B /* EntryPin.swift in Sources */,
				0C0F8D821FEAEF0B006CC411 /* SKViewExtensions.swift in Sources */,
				0C385E141FD1C839008FB5D7 /* ModuleConnection.swift in Sources */,
				0C385DFE1FD09E1B008FB5D7 /* ObjectParser.swift in Sources */,
				0C116CEF1FDAE393004B8999 /* SKSpriteNodeExtensions.swift in Sources */,
				0C29FE521FD57BFD0029BB42 /* Entity.swift in Sources */,
				0C385DFC1FD09772008FB5D7 /* InitialViewController.swift in Sources */,
				0C3C6B531FFD0DB200AC7EFF /* RenderableEntity.swift in Sources */,
				0C116CEB1FDAE0CC004B8999 /* LogicPortDrawable.swift in Sources */,
				0C29FE5E1FD57DBD0029BB42 /* Architecture.swift in Sources */,
				0C29FE5A1FD57CEB0029BB42 /* Output.swift in Sources */,
				0C385E081FD0A21B008FB5D7 /* Module.swift in Sources */,
				0C29FE5C1FD57D7E0029BB42 /* GlobalSignal.swift in Sources */,
				0C34D71D1FD85C0B005147E7 /* CoreDataManager.swift in Sources */,
				0C0F8D861FEBEA10006CC411 /* EntityManager.swift in Sources */,
				0C385E0C1FD0A7F4008FB5D7 /* SingleBitSignal.swift in Sources */,
				0CB72A092019061900CED264 /* InternalPin.swift in Sources */,
				0C385E061FD0A210008FB5D7 /* CombinationalModule.swift in Sources */,
				0C0F8D881FEBEB87006CC411 /* NodeComponent.swift in Sources */,
				0C116CE31FDABFAD004B8999 /* Environment.swift in Sources */,
				0C385E001FD09FB1008FB5D7 /* Signal.swift in Sources */,
				0CE749042017940A00A21A2B /* PinNode.swift in Sources */,
				0C385E041FD0A1D4008FB5D7 /* CircuitDescription.swift in Sources */,
				0CE748FE2017906200A21A2B /* Wire.swift in Sources */,
				0CB72A032018C71C00CED264 /* AvailabilityMatrix.swift in Sources */,
				0C3C6B511FFD077D00AC7EFF /* GridComponent.swift in Sources */,
				0C0F8D8C1FEBEBCF006CC411 /* LogicPortNodeComponent.swift in Sources */,
				0C116CE51FDAC097004B8999 /* CoreGraphicsExtensions.swift in Sources */,
				0CE749022017933500A21A2B /* PinComponent.swift in Sources */,
				0C29FE541FD57C150029BB42 /* Port.swift in Sources */,
				0C385DAC1FD0938F008FB5D7 /* CircuitPlayground.xcdatamodeld in Sources */,
				0CB72A05201902BD00CED264 /* ExitPin.swift in Sources */,
				0CE7490620179E2B00A21A2B /* WireNode.swift in Sources */,
				0C385E021FD0A0D2008FB5D7 /* LogicFunction.swift in Sources */,
				0C385E0A1FD0A38C008FB5D7 /* SequentialModule.swift in Sources */,
				0C0F8D841FEBE923006CC411 /* LogicPort.swift in Sources */,
				0CB72A072019049600CED264 /* Pin.swift in Sources */,
				0C34D71B1FD84BD9005147E7 /* DTO.swift in Sources */,
				0CAD440B201A6DC7003AB5F1 /* NSColorExtensions.swift in Sources */,
				0C3DD4EE1FEACFAC00968EA5 /* SKNodeExtensions.swift in Sources */,
				0C29FE601FD57E440029BB42 /* LogicSpecification.swift in Sources */,
				0CE7490820179FE500A21A2B /* WireComponent.swift in Sources */,
				0C29FE561FD57CA80029BB42 /* LogicDescriptor.swift in Sources */,
				0C29FE581FD57CCA0029BB42 /* Input.swift in Sources */,
				0C116CE01FDABF45004B8999 /* CircuitScene.swift in Sources */,
				0C116CED1FDAE2D6004B8999 /* LogicPortNode.swift in Sources */,
				0C385DA71FD0938F008FB5D7 /* AppDelegate.swift in Sources */,
				0CAD43F4201A35EE003AB5F1 /* LabelNode.swift in Sources */,
				0C385E0E1FD0AA78008FB5D7 /* MultiBitSignal.swift in Sources */,
				0C0585331FEACB36007E07FB /* CanvasNode.swift in Sources */,
				0CAD4409201A45DD003AB5F1 /* EntityManager+CircuitDescription.swift in Sources */,
			);
			runOnlyForDeploymentPostprocessing = 0;
		};
		0C385DB41FD0938F008FB5D7 /* Sources */ = {
			isa = PBXSourcesBuildPhase;
			buildActionMask = 2147483647;
			files = (
				0C385DBD1FD0938F008FB5D7 /* CircuitPlaygroundTests.swift in Sources */,
			);
			runOnlyForDeploymentPostprocessing = 0;
		};
/* End PBXSourcesBuildPhase section */

/* Begin PBXTargetDependency section */
		0C385DBA1FD0938F008FB5D7 /* PBXTargetDependency */ = {
			isa = PBXTargetDependency;
			target = 0C385DA21FD0938F008FB5D7 /* CircuitPlayground */;
			targetProxy = 0C385DB91FD0938F008FB5D7 /* PBXContainerItemProxy */;
		};
/* End PBXTargetDependency section */

/* Begin PBXVariantGroup section */
		0C385DAF1FD0938F008FB5D7 /* Main.storyboard */ = {
			isa = PBXVariantGroup;
			children = (
				0C385DB01FD0938F008FB5D7 /* Base */,
			);
			name = Main.storyboard;
			sourceTree = "<group>";
		};
/* End PBXVariantGroup section */

/* Begin XCBuildConfiguration section */
		0C385DBF1FD0938F008FB5D7 /* Debug */ = {
			isa = XCBuildConfiguration;
			buildSettings = {
				ALWAYS_SEARCH_USER_PATHS = NO;
				CLANG_ANALYZER_NONNULL = YES;
				CLANG_ANALYZER_NUMBER_OBJECT_CONVERSION = YES_AGGRESSIVE;
				CLANG_CXX_LANGUAGE_STANDARD = "gnu++14";
				CLANG_CXX_LIBRARY = "libc++";
				CLANG_ENABLE_MODULES = YES;
				CLANG_ENABLE_OBJC_ARC = YES;
				CLANG_WARN_BLOCK_CAPTURE_AUTORELEASING = YES;
				CLANG_WARN_BOOL_CONVERSION = YES;
				CLANG_WARN_COMMA = YES;
				CLANG_WARN_CONSTANT_CONVERSION = YES;
				CLANG_WARN_DIRECT_OBJC_ISA_USAGE = YES_ERROR;
				CLANG_WARN_DOCUMENTATION_COMMENTS = YES;
				CLANG_WARN_EMPTY_BODY = YES;
				CLANG_WARN_ENUM_CONVERSION = YES;
				CLANG_WARN_INFINITE_RECURSION = YES;
				CLANG_WARN_INT_CONVERSION = YES;
				CLANG_WARN_NON_LITERAL_NULL_CONVERSION = YES;
				CLANG_WARN_OBJC_LITERAL_CONVERSION = YES;
				CLANG_WARN_OBJC_ROOT_CLASS = YES_ERROR;
				CLANG_WARN_RANGE_LOOP_ANALYSIS = YES;
				CLANG_WARN_STRICT_PROTOTYPES = YES;
				CLANG_WARN_SUSPICIOUS_MOVE = YES;
				CLANG_WARN_UNGUARDED_AVAILABILITY = YES_AGGRESSIVE;
				CLANG_WARN_UNREACHABLE_CODE = YES;
				CLANG_WARN__DUPLICATE_METHOD_MATCH = YES;
				CODE_SIGN_IDENTITY = "Mac Developer";
				COPY_PHASE_STRIP = NO;
				DEBUG_INFORMATION_FORMAT = dwarf;
				ENABLE_STRICT_OBJC_MSGSEND = YES;
				ENABLE_TESTABILITY = YES;
				GCC_C_LANGUAGE_STANDARD = gnu11;
				GCC_DYNAMIC_NO_PIC = NO;
				GCC_NO_COMMON_BLOCKS = YES;
				GCC_OPTIMIZATION_LEVEL = 0;
				GCC_PREPROCESSOR_DEFINITIONS = (
					"DEBUG=1",
					"$(inherited)",
				);
				GCC_WARN_64_TO_32_BIT_CONVERSION = YES;
				GCC_WARN_ABOUT_RETURN_TYPE = YES_ERROR;
				GCC_WARN_UNDECLARED_SELECTOR = YES;
				GCC_WARN_UNINITIALIZED_AUTOS = YES_AGGRESSIVE;
				GCC_WARN_UNUSED_FUNCTION = YES;
				GCC_WARN_UNUSED_VARIABLE = YES;
				MACOSX_DEPLOYMENT_TARGET = 10.13;
				MTL_ENABLE_DEBUG_INFO = YES;
				ONLY_ACTIVE_ARCH = YES;
				SDKROOT = macosx;
				SWIFT_ACTIVE_COMPILATION_CONDITIONS = DEBUG;
				SWIFT_OPTIMIZATION_LEVEL = "-Onone";
			};
			name = Debug;
		};
		0C385DC01FD0938F008FB5D7 /* Release */ = {
			isa = XCBuildConfiguration;
			buildSettings = {
				ALWAYS_SEARCH_USER_PATHS = NO;
				CLANG_ANALYZER_NONNULL = YES;
				CLANG_ANALYZER_NUMBER_OBJECT_CONVERSION = YES_AGGRESSIVE;
				CLANG_CXX_LANGUAGE_STANDARD = "gnu++14";
				CLANG_CXX_LIBRARY = "libc++";
				CLANG_ENABLE_MODULES = YES;
				CLANG_ENABLE_OBJC_ARC = YES;
				CLANG_WARN_BLOCK_CAPTURE_AUTORELEASING = YES;
				CLANG_WARN_BOOL_CONVERSION = YES;
				CLANG_WARN_COMMA = YES;
				CLANG_WARN_CONSTANT_CONVERSION = YES;
				CLANG_WARN_DIRECT_OBJC_ISA_USAGE = YES_ERROR;
				CLANG_WARN_DOCUMENTATION_COMMENTS = YES;
				CLANG_WARN_EMPTY_BODY = YES;
				CLANG_WARN_ENUM_CONVERSION = YES;
				CLANG_WARN_INFINITE_RECURSION = YES;
				CLANG_WARN_INT_CONVERSION = YES;
				CLANG_WARN_NON_LITERAL_NULL_CONVERSION = YES;
				CLANG_WARN_OBJC_LITERAL_CONVERSION = YES;
				CLANG_WARN_OBJC_ROOT_CLASS = YES_ERROR;
				CLANG_WARN_RANGE_LOOP_ANALYSIS = YES;
				CLANG_WARN_STRICT_PROTOTYPES = YES;
				CLANG_WARN_SUSPICIOUS_MOVE = YES;
				CLANG_WARN_UNGUARDED_AVAILABILITY = YES_AGGRESSIVE;
				CLANG_WARN_UNREACHABLE_CODE = YES;
				CLANG_WARN__DUPLICATE_METHOD_MATCH = YES;
				CODE_SIGN_IDENTITY = "Mac Developer";
				COPY_PHASE_STRIP = NO;
				DEBUG_INFORMATION_FORMAT = "dwarf-with-dsym";
				ENABLE_NS_ASSERTIONS = NO;
				ENABLE_STRICT_OBJC_MSGSEND = YES;
				GCC_C_LANGUAGE_STANDARD = gnu11;
				GCC_NO_COMMON_BLOCKS = YES;
				GCC_WARN_64_TO_32_BIT_CONVERSION = YES;
				GCC_WARN_ABOUT_RETURN_TYPE = YES_ERROR;
				GCC_WARN_UNDECLARED_SELECTOR = YES;
				GCC_WARN_UNINITIALIZED_AUTOS = YES_AGGRESSIVE;
				GCC_WARN_UNUSED_FUNCTION = YES;
				GCC_WARN_UNUSED_VARIABLE = YES;
				MACOSX_DEPLOYMENT_TARGET = 10.13;
				MTL_ENABLE_DEBUG_INFO = NO;
				SDKROOT = macosx;
				SWIFT_OPTIMIZATION_LEVEL = "-Owholemodule";
			};
			name = Release;
		};
		0C385DC21FD0938F008FB5D7 /* Debug */ = {
			isa = XCBuildConfiguration;
			buildSettings = {
				ASSETCATALOG_COMPILER_APPICON_NAME = AppIcon;
				CODE_SIGN_ENTITLEMENTS = CircuitPlayground/Support/CircuitPlayground.entitlements;
				CODE_SIGN_IDENTITY = "Mac Developer";
				CODE_SIGN_STYLE = Automatic;
				COMBINE_HIDPI_IMAGES = YES;
				DEVELOPMENT_TEAM = U5ZZWN44AH;
				INFOPLIST_FILE = "$(SRCROOT)/CircuitPlayground/Support/Info.plist";
				LD_RUNPATH_SEARCH_PATHS = "$(inherited) @executable_path/../Frameworks";
				PRODUCT_BUNDLE_IDENTIFIER = com.nicolasnascimento.CircuitPlayground;
				PRODUCT_NAME = "$(TARGET_NAME)";
				PROVISIONING_PROFILE_SPECIFIER = "";
				SWIFT_VERSION = 4.0;
			};
			name = Debug;
		};
		0C385DC31FD0938F008FB5D7 /* Release */ = {
			isa = XCBuildConfiguration;
			buildSettings = {
				ASSETCATALOG_COMPILER_APPICON_NAME = AppIcon;
				CODE_SIGN_ENTITLEMENTS = CircuitPlayground/Support/CircuitPlayground.entitlements;
				CODE_SIGN_IDENTITY = "Mac Developer";
				CODE_SIGN_STYLE = Automatic;
				COMBINE_HIDPI_IMAGES = YES;
				DEVELOPMENT_TEAM = U5ZZWN44AH;
				INFOPLIST_FILE = "$(SRCROOT)/CircuitPlayground/Support/Info.plist";
				LD_RUNPATH_SEARCH_PATHS = "$(inherited) @executable_path/../Frameworks";
				PRODUCT_BUNDLE_IDENTIFIER = com.nicolasnascimento.CircuitPlayground;
				PRODUCT_NAME = "$(TARGET_NAME)";
				PROVISIONING_PROFILE_SPECIFIER = "";
				SWIFT_VERSION = 4.0;
			};
			name = Release;
		};
		0C385DC51FD0938F008FB5D7 /* Debug */ = {
			isa = XCBuildConfiguration;
			buildSettings = {
				ALWAYS_EMBED_SWIFT_STANDARD_LIBRARIES = YES;
				BUNDLE_LOADER = "$(TEST_HOST)";
				CODE_SIGN_STYLE = Automatic;
				COMBINE_HIDPI_IMAGES = YES;
				DEVELOPMENT_TEAM = U5ZZWN44AH;
				INFOPLIST_FILE = CircuitPlaygroundTests/Info.plist;
				LD_RUNPATH_SEARCH_PATHS = "$(inherited) @executable_path/../Frameworks @loader_path/../Frameworks";
				PRODUCT_BUNDLE_IDENTIFIER = com.nicolasnascimento.CircuitPlaygroundTests;
				PRODUCT_NAME = "$(TARGET_NAME)";
				SWIFT_VERSION = 4.0;
				TEST_HOST = "$(BUILT_PRODUCTS_DIR)/CircuitPlayground.app/Contents/MacOS/CircuitPlayground";
			};
			name = Debug;
		};
		0C385DC61FD0938F008FB5D7 /* Release */ = {
			isa = XCBuildConfiguration;
			buildSettings = {
				ALWAYS_EMBED_SWIFT_STANDARD_LIBRARIES = YES;
				BUNDLE_LOADER = "$(TEST_HOST)";
				CODE_SIGN_STYLE = Automatic;
				COMBINE_HIDPI_IMAGES = YES;
				DEVELOPMENT_TEAM = U5ZZWN44AH;
				INFOPLIST_FILE = CircuitPlaygroundTests/Info.plist;
				LD_RUNPATH_SEARCH_PATHS = "$(inherited) @executable_path/../Frameworks @loader_path/../Frameworks";
				PRODUCT_BUNDLE_IDENTIFIER = com.nicolasnascimento.CircuitPlaygroundTests;
				PRODUCT_NAME = "$(TARGET_NAME)";
				SWIFT_VERSION = 4.0;
				TEST_HOST = "$(BUILT_PRODUCTS_DIR)/CircuitPlayground.app/Contents/MacOS/CircuitPlayground";
			};
			name = Release;
		};
/* End XCBuildConfiguration section */

/* Begin XCConfigurationList section */
		0C385D9E1FD0938F008FB5D7 /* Build configuration list for PBXProject "CircuitPlayground" */ = {
			isa = XCConfigurationList;
			buildConfigurations = (
				0C385DBF1FD0938F008FB5D7 /* Debug */,
				0C385DC01FD0938F008FB5D7 /* Release */,
			);
			defaultConfigurationIsVisible = 0;
			defaultConfigurationName = Release;
		};
		0C385DC11FD0938F008FB5D7 /* Build configuration list for PBXNativeTarget "CircuitPlayground" */ = {
			isa = XCConfigurationList;
			buildConfigurations = (
				0C385DC21FD0938F008FB5D7 /* Debug */,
				0C385DC31FD0938F008FB5D7 /* Release */,
			);
			defaultConfigurationIsVisible = 0;
			defaultConfigurationName = Release;
		};
		0C385DC41FD0938F008FB5D7 /* Build configuration list for PBXNativeTarget "CircuitPlaygroundTests" */ = {
			isa = XCConfigurationList;
			buildConfigurations = (
				0C385DC51FD0938F008FB5D7 /* Debug */,
				0C385DC61FD0938F008FB5D7 /* Release */,
			);
			defaultConfigurationIsVisible = 0;
			defaultConfigurationName = Release;
		};
/* End XCConfigurationList section */

/* Begin XCVersionGroup section */
		0C385DAA1FD0938F008FB5D7 /* CircuitPlayground.xcdatamodeld */ = {
			isa = XCVersionGroup;
			children = (
				0C385DAB1FD0938F008FB5D7 /* CircuitPlayground.xcdatamodel */,
			);
			currentVersion = 0C385DAB1FD0938F008FB5D7 /* CircuitPlayground.xcdatamodel */;
			path = CircuitPlayground.xcdatamodeld;
			sourceTree = "<group>";
			versionGroupType = wrapper.xcdatamodel;
		};
/* End XCVersionGroup section */
	};
	rootObject = 0C385D9B1FD0938F008FB5D7 /* Project object */;
}
